Ellahi_2015_10.1534_genetics.115.175711/Saccharomyces_cerevisiae.R64-1-1.dna.toplevel.kidx
Ellahi_2015_10.1534_genetics.115.175711/results/SRR1812768/kallisto/abundance.h5
Ellahi_2015_10.1534_genetics.115.175711/results/SRR1812767/kallisto/abundance.h5
Ellahi_2015_10.1534_genetics.115.175711/results/SRR1812760/kallisto/abundance.h5
Ellahi_2015_10.1534_genetics.115.175711/results/SRR1812759/kallisto/abundance.h5
Ellahi_2015_10.1534_genetics.115.175711/results/SRR1812754/kallisto/abundance.h5
Ellahi_2015_10.1534_genetics.115.175711/results/SRR1811834/kallisto/abundance.h5
Ellahi_2015_10.1534_genetics.115.175711/results/SRR1812759/SRR1812759_1.fastq.gz
Ellahi_2015_10.1534_genetics.115.175711/results/SRR1812759/SRR1812759_2.fastq.gz
Ellahi_2015_10.1534_genetics.115.175711/Saccharomyces_cerevisiae.R64-1-1.dna.toplevel.kidx
Ellahi_2015_10.1534_genetics.115.175711/results/SRR1812760/SRR1812760_1.fastq.gz
Ellahi_2015_10.1534_genetics.115.175711/results/SRR1812760/SRR1812760_2.fastq.gz
Ellahi_2015_10.1534_genetics.115.175711/Saccharomyces_cerevisiae.R64-1-1.dna.toplevel.kidx
Ellahi_2015_10.1534_genetics.115.175711/results/SRR1811834/SRR1811834_1.fastq.gz
Ellahi_2015_10.1534_genetics.115.175711/results/SRR1811834/SRR1811834_2.fastq.gz
Ellahi_2015_10.1534_genetics.115.175711/Saccharomyces_cerevisiae.R64-1-1.dna.toplevel.kidx
Ellahi_2015_10.1534_genetics.115.175711/results/SRR1812767/SRR1812767_1.fastq.gz
Ellahi_2015_10.1534_genetics.115.175711/results/SRR1812767/SRR1812767_2.fastq.gz
Ellahi_2015_10.1534_genetics.115.175711/Saccharomyces_cerevisiae.R64-1-1.dna.toplevel.kidx
Ellahi_2015_10.1534_genetics.115.175711/results/SRR1812754/SRR1812754_1.fastq.gz
Ellahi_2015_10.1534_genetics.115.175711/results/SRR1812754/SRR1812754_2.fastq.gz
Ellahi_2015_10.1534_genetics.115.175711/Saccharomyces_cerevisiae.R64-1-1.dna.toplevel.kidx
Ellahi_2015_10.1534_genetics.115.175711/results/SRR1812768/SRR1812768_1.fastq.gz
Ellahi_2015_10.1534_genetics.115.175711/results/SRR1812768/SRR1812768_2.fastq.gz
Ellahi_2015_10.1534_genetics.115.175711/Saccharomyces_cerevisiae.R64-1-1.dna.toplevel.kidx
genome/Saccharomyces_cerevisiae.R64-1-1.dna.toplevel.fa
