Chickens/results/SRR1821186/kallisto
Chickens/results/SRR1821186/kallisto/abundance.h5
Chickens/results/SRR1821187/kallisto
Chickens/results/SRR1821187/kallisto/abundance.h5
Chickens/results/SRR1821183/kallisto
Chickens/results/SRR1821183/kallisto/abundance.h5
Chickens/results/SRR1821184/kallisto
Chickens/results/SRR1821184/kallisto/abundance.h5
Chickens/results/SRR1821188/kallisto
Chickens/results/SRR1821188/kallisto/abundance.h5
Chickens/results/SRR1821185/kallisto
Chickens/results/SRR1821185/kallisto/abundance.h5
Chickens/results/SRR1821186/SRR1821186_1.fastq.gz
Chickens/results/SRR1821186/SRR1821186_2.fastq.gz
Chickens/results/SRR1821187/SRR1821187_1.fastq.gz
Chickens/results/SRR1821187/SRR1821187_2.fastq.gz
Chickens/results/SRR1821183/SRR1821183_1.fastq.gz
Chickens/results/SRR1821183/SRR1821183_2.fastq.gz
Chickens/results/SRR1821184/SRR1821184_1.fastq.gz
Chickens/results/SRR1821184/SRR1821184_2.fastq.gz
Chickens/results/SRR1821188/SRR1821188_1.fastq.gz
Chickens/results/SRR1821188/SRR1821188_2.fastq.gz
Chickens/results/SRR1821185/SRR1821185_1.fastq.gz
Chickens/results/SRR1821185/SRR1821185_2.fastq.gz
