zebrafish/results/SRR1049953/kallisto
zebrafish/results/SRR1049953/kallisto/abundance.h5
zebrafish/results/SRR1049956/kallisto
zebrafish/results/SRR1049956/kallisto/abundance.h5
zebrafish/results/SRR1049952/kallisto
zebrafish/results/SRR1049952/kallisto/abundance.h5
zebrafish/results/SRR1049950/kallisto
zebrafish/results/SRR1049950/kallisto/abundance.h5
zebrafish/results/SRR1049954/kallisto
zebrafish/results/SRR1049954/kallisto/abundance.h5
zebrafish/results/SRR1049957/kallisto
zebrafish/results/SRR1049957/kallisto/abundance.h5
zebrafish/results/SRR1049951/kallisto
zebrafish/results/SRR1049951/kallisto/abundance.h5
zebrafish/results/SRR1049955/kallisto
zebrafish/results/SRR1049955/kallisto/abundance.h5
zebrafish/results/SRR1049946/kallisto
zebrafish/results/SRR1049946/kallisto/abundance.h5
zebrafish/results/SRR1049949/kallisto
zebrafish/results/SRR1049949/kallisto/abundance.h5
zebrafish/results/SRR1049947/kallisto
zebrafish/results/SRR1049947/kallisto/abundance.h5
zebrafish/results/SRR1049948/kallisto
zebrafish/results/SRR1049948/kallisto/abundance.h5
zebrafish/results/SRR1049953/SRR1049953_1.fastq.gz
zebrafish/results/SRR1049953/SRR1049953_2.fastq.gz
zebrafish/results/SRR1049956/SRR1049956_1.fastq.gz
zebrafish/results/SRR1049956/SRR1049956_2.fastq.gz
zebrafish/results/SRR1049952/SRR1049952_1.fastq.gz
zebrafish/results/SRR1049952/SRR1049952_2.fastq.gz
zebrafish/results/SRR1049950/SRR1049950_1.fastq.gz
zebrafish/results/SRR1049950/SRR1049950_2.fastq.gz
zebrafish/results/SRR1049954/SRR1049954_1.fastq.gz
zebrafish/results/SRR1049954/SRR1049954_2.fastq.gz
zebrafish/results/SRR1049957/SRR1049957_1.fastq.gz
zebrafish/results/SRR1049957/SRR1049957_2.fastq.gz
zebrafish/results/SRR1049951/SRR1049951_1.fastq.gz
zebrafish/results/SRR1049951/SRR1049951_2.fastq.gz
zebrafish/results/SRR1049955/SRR1049955_1.fastq.gz
zebrafish/results/SRR1049955/SRR1049955_2.fastq.gz
zebrafish/results/SRR1049946/SRR1049946_1.fastq.gz
zebrafish/results/SRR1049946/SRR1049946_2.fastq.gz
zebrafish/results/SRR1049949/SRR1049949_1.fastq.gz
zebrafish/results/SRR1049949/SRR1049949_2.fastq.gz
zebrafish/results/SRR1049947/SRR1049947_1.fastq.gz
zebrafish/results/SRR1049947/SRR1049947_2.fastq.gz
zebrafish/results/SRR1049948/SRR1049948_1.fastq.gz
zebrafish/results/SRR1049948/SRR1049948_2.fastq.gz
